
Microsoft Visual Studio Solution File, Format Version 12.00
# Visual Studio Version 17
VisualStudioVersion = 17.9.34723.18
MinimumVisualStudioVersion = 10.0.40219.1
Project("{9A19103F-16F7-4668-BE54-9A1E7A4F7556}") = "BusinessLogicLayer", "BusinessLogicLayer\BusinessLogicLayer.csproj", "{BCD929C7-1A74-4A15-8DC2-42555695349C}"
EndProject
Project("{9A19103F-16F7-4668-BE54-9A1E7A4F7556}") = "DataAccessLayer", "DataAccessLayer\DataAccessLayer.csproj", "{BC472D37-A392-4AEF-8594-C588B3412CBD}"
	ProjectSection(ProjectDependencies) = postProject
		{BCD929C7-1A74-4A15-8DC2-42555695349C} = {BCD929C7-1A74-4A15-8DC2-42555695349C}
	EndProjectSection
EndProject
Project("{9A19103F-16F7-4668-BE54-9A1E7A4F7556}") = "Web_App", "Web_App\Web_App.csproj", "{B1964682-B27A-40D5-958C-3CDC0898F9FB}"
	ProjectSection(ProjectDependencies) = postProject
		{BCD929C7-1A74-4A15-8DC2-42555695349C} = {BCD929C7-1A74-4A15-8DC2-42555695349C}
	EndProjectSection
EndProject
Project("{9A19103F-16F7-4668-BE54-9A1E7A4F7556}") = "Desktop_App", "Desktop_App\Desktop_App.csproj", "{62F85F75-3A2F-4116-BD95-79710DA89577}"
	ProjectSection(ProjectDependencies) = postProject
		{BCD929C7-1A74-4A15-8DC2-42555695349C} = {BCD929C7-1A74-4A15-8DC2-42555695349C}
	EndProjectSection
EndProject
Project("{9A19103F-16F7-4668-BE54-9A1E7A4F7556}") = "BusinessLogicLayer.Tests", "BusinessLogicLayer.Tests\BusinessLogicLayer.Tests.csproj", "{5BB2DF72-1192-462C-9DCD-7D0A9B3B95E7}"
	ProjectSection(ProjectDependencies) = postProject
		{BCD929C7-1A74-4A15-8DC2-42555695349C} = {BCD929C7-1A74-4A15-8DC2-42555695349C}
	EndProjectSection
EndProject
Global
	GlobalSection(SolutionConfigurationPlatforms) = preSolution
		Debug|Any CPU = Debug|Any CPU
		Release|Any CPU = Release|Any CPU
	EndGlobalSection
	GlobalSection(ProjectConfigurationPlatforms) = postSolution
		{BCD929C7-1A74-4A15-8DC2-42555695349C}.Debug|Any CPU.ActiveCfg = Debug|Any CPU
		{BCD929C7-1A74-4A15-8DC2-42555695349C}.Debug|Any CPU.Build.0 = Debug|Any CPU
		{BCD929C7-1A74-4A15-8DC2-42555695349C}.Release|Any CPU.ActiveCfg = Release|Any CPU
		{BCD929C7-1A74-4A15-8DC2-42555695349C}.Release|Any CPU.Build.0 = Release|Any CPU
		{BC472D37-A392-4AEF-8594-C588B3412CBD}.Debug|Any CPU.ActiveCfg = Debug|Any CPU
		{BC472D37-A392-4AEF-8594-C588B3412CBD}.Debug|Any CPU.Build.0 = Debug|Any CPU
		{BC472D37-A392-4AEF-8594-C588B3412CBD}.Release|Any CPU.ActiveCfg = Release|Any CPU
		{BC472D37-A392-4AEF-8594-C588B3412CBD}.Release|Any CPU.Build.0 = Release|Any CPU
		{B1964682-B27A-40D5-958C-3CDC0898F9FB}.Debug|Any CPU.ActiveCfg = Debug|Any CPU
		{B1964682-B27A-40D5-958C-3CDC0898F9FB}.Debug|Any CPU.Build.0 = Debug|Any CPU
		{B1964682-B27A-40D5-958C-3CDC0898F9FB}.Release|Any CPU.ActiveCfg = Release|Any CPU
		{B1964682-B27A-40D5-958C-3CDC0898F9FB}.Release|Any CPU.Build.0 = Release|Any CPU
		{62F85F75-3A2F-4116-BD95-79710DA89577}.Debug|Any CPU.ActiveCfg = Debug|Any CPU
		{62F85F75-3A2F-4116-BD95-79710DA89577}.Debug|Any CPU.Build.0 = Debug|Any CPU
		{62F85F75-3A2F-4116-BD95-79710DA89577}.Release|Any CPU.ActiveCfg = Release|Any CPU
		{62F85F75-3A2F-4116-BD95-79710DA89577}.Release|Any CPU.Build.0 = Release|Any CPU
		{5BB2DF72-1192-462C-9DCD-7D0A9B3B95E7}.Debug|Any CPU.ActiveCfg = Debug|Any CPU
		{5BB2DF72-1192-462C-9DCD-7D0A9B3B95E7}.Debug|Any CPU.Build.0 = Debug|Any CPU
		{5BB2DF72-1192-462C-9DCD-7D0A9B3B95E7}.Release|Any CPU.ActiveCfg = Release|Any CPU
		{5BB2DF72-1192-462C-9DCD-7D0A9B3B95E7}.Release|Any CPU.Build.0 = Release|Any CPU
	EndGlobalSection
	GlobalSection(SolutionProperties) = preSolution
		HideSolutionNode = FALSE
	EndGlobalSection
	GlobalSection(ExtensibilityGlobals) = postSolution
		SolutionGuid = {10A864B0-2436-44BA-9769-8D16D7C22F2E}
	EndGlobalSection
EndGlobal
